
Microsoft Visual Studio Solution File, Format Version 12.00
# Visual Studio Version 16
VisualStudioVersion = 16.0.810.2
MinimumVisualStudioVersion = 10.0.40219.1
Project("{9A19103F-16F7-4668-BE54-9A1E7A4F7556}") = "Calctic", "Calctic\Calctic.csproj", "{03E28DCF-6FCF-4CFB-B2C5-644F43D4506F}"
EndProject
Project("{FAE04EC0-301F-11D3-BF4B-00C04F79EFBC}") = "Calctic.Android", "Calctic.Android\Calctic.Android.csproj", "{7B96925B-6DEC-4368-B177-0C740FAD9B36}"
EndProject
Project("{FAE04EC0-301F-11D3-BF4B-00C04F79EFBC}") = "Calctic.iOS", "Calctic.iOS\Calctic.iOS.csproj", "{832219D8-C3BB-45F4-AA90-6EF455A74233}"
EndProject
Global
	GlobalSection(SolutionConfigurationPlatforms) = preSolution
		Debug|Any CPU = Debug|Any CPU
		Debug|iPhone = Debug|iPhone
		Debug|iPhoneSimulator = Debug|iPhoneSimulator
		Release|Any CPU = Release|Any CPU
		Release|iPhone = Release|iPhone
		Release|iPhoneSimulator = Release|iPhoneSimulator
	EndGlobalSection
	GlobalSection(ProjectConfigurationPlatforms) = postSolution
		{03E28DCF-6FCF-4CFB-B2C5-644F43D4506F}.Debug|Any CPU.ActiveCfg = Debug|Any CPU
		{03E28DCF-6FCF-4CFB-B2C5-644F43D4506F}.Debug|Any CPU.Build.0 = Debug|Any CPU
		{03E28DCF-6FCF-4CFB-B2C5-644F43D4506F}.Debug|iPhone.ActiveCfg = Debug|Any CPU
		{03E28DCF-6FCF-4CFB-B2C5-644F43D4506F}.Debug|iPhone.Build.0 = Debug|Any CPU
		{03E28DCF-6FCF-4CFB-B2C5-644F43D4506F}.Debug|iPhoneSimulator.ActiveCfg = Debug|Any CPU
		{03E28DCF-6FCF-4CFB-B2C5-644F43D4506F}.Debug|iPhoneSimulator.Build.0 = Debug|Any CPU
		{03E28DCF-6FCF-4CFB-B2C5-644F43D4506F}.Release|Any CPU.ActiveCfg = Release|Any CPU
		{03E28DCF-6FCF-4CFB-B2C5-644F43D4506F}.Release|Any CPU.Build.0 = Release|Any CPU
		{03E28DCF-6FCF-4CFB-B2C5-644F43D4506F}.Release|iPhone.ActiveCfg = Release|Any CPU
		{03E28DCF-6FCF-4CFB-B2C5-644F43D4506F}.Release|iPhone.Build.0 = Release|Any CPU
		{03E28DCF-6FCF-4CFB-B2C5-644F43D4506F}.Release|iPhoneSimulator.ActiveCfg = Release|Any CPU
		{03E28DCF-6FCF-4CFB-B2C5-644F43D4506F}.Release|iPhoneSimulator.Build.0 = Release|Any CPU
		{7B96925B-6DEC-4368-B177-0C740FAD9B36}.Debug|Any CPU.ActiveCfg = Debug|Any CPU
		{7B96925B-6DEC-4368-B177-0C740FAD9B36}.Debug|Any CPU.Build.0 = Debug|Any CPU
		{7B96925B-6DEC-4368-B177-0C740FAD9B36}.Debug|Any CPU.Deploy.0 = Debug|Any CPU
		{7B96925B-6DEC-4368-B177-0C740FAD9B36}.Debug|iPhone.ActiveCfg = Debug|Any CPU
		{7B96925B-6DEC-4368-B177-0C740FAD9B36}.Debug|iPhone.Build.0 = Debug|Any CPU
		{7B96925B-6DEC-4368-B177-0C740FAD9B36}.Debug|iPhoneSimulator.ActiveCfg = Debug|Any CPU
		{7B96925B-6DEC-4368-B177-0C740FAD9B36}.Debug|iPhoneSimulator.Build.0 = Debug|Any CPU
		{7B96925B-6DEC-4368-B177-0C740FAD9B36}.Release|Any CPU.ActiveCfg = Release|Any CPU
		{7B96925B-6DEC-4368-B177-0C740FAD9B36}.Release|Any CPU.Build.0 = Release|Any CPU
		{7B96925B-6DEC-4368-B177-0C740FAD9B36}.Release|iPhone.ActiveCfg = Release|Any CPU
		{7B96925B-6DEC-4368-B177-0C740FAD9B36}.Release|iPhone.Build.0 = Release|Any CPU
		{7B96925B-6DEC-4368-B177-0C740FAD9B36}.Release|iPhoneSimulator.ActiveCfg = Release|Any CPU
		{7B96925B-6DEC-4368-B177-0C740FAD9B36}.Release|iPhoneSimulator.Build.0 = Release|Any CPU
		{832219D8-C3BB-45F4-AA90-6EF455A74233}.Debug|Any CPU.ActiveCfg = Debug|iPhoneSimulator
		{832219D8-C3BB-45F4-AA90-6EF455A74233}.Debug|Any CPU.Build.0 = Debug|iPhoneSimulator
		{832219D8-C3BB-45F4-AA90-6EF455A74233}.Debug|iPhone.ActiveCfg = Debug|iPhone
		{832219D8-C3BB-45F4-AA90-6EF455A74233}.Debug|iPhone.Build.0 = Debug|iPhone
		{832219D8-C3BB-45F4-AA90-6EF455A74233}.Debug|iPhoneSimulator.ActiveCfg = Debug|iPhoneSimulator
		{832219D8-C3BB-45F4-AA90-6EF455A74233}.Debug|iPhoneSimulator.Build.0 = Debug|iPhoneSimulator
		{832219D8-C3BB-45F4-AA90-6EF455A74233}.Release|Any CPU.ActiveCfg = Release|iPhoneSimulator
		{832219D8-C3BB-45F4-AA90-6EF455A74233}.Release|Any CPU.Build.0 = Release|iPhoneSimulator
		{832219D8-C3BB-45F4-AA90-6EF455A74233}.Release|iPhone.ActiveCfg = Release|iPhone
		{832219D8-C3BB-45F4-AA90-6EF455A74233}.Release|iPhone.Build.0 = Release|iPhone
		{832219D8-C3BB-45F4-AA90-6EF455A74233}.Release|iPhoneSimulator.ActiveCfg = Release|iPhoneSimulator
		{832219D8-C3BB-45F4-AA90-6EF455A74233}.Release|iPhoneSimulator.Build.0 = Release|iPhoneSimulator
	EndGlobalSection
	GlobalSection(SolutionProperties) = preSolution
		HideSolutionNode = FALSE
	EndGlobalSection
	GlobalSection(ExtensibilityGlobals) = postSolution
		SolutionGuid = {3FDE78B8-54F9-400B-866B-921D21A93AA6}
	EndGlobalSection
EndGlobal
